{
  "nodes": {
    "nixpkgs": {
      "inputs": {
        "nixpkgs": "nixpkgs_2"
      },
      "locked": {
        "lastModified": 1748808614,
        "narHash": "sha256-bsVyyMb2N+fjL6oK83rVFoWHBIDou9Xl+TcCyWh1vOk=",
        "owner": "nix-ocaml",
        "repo": "nix-overlays",
        "rev": "7f32830e2f480d2e5ba690a8c770955ea208213a",
        "type": "github"
      },
      "original": {
        "owner": "nix-ocaml",
        "repo": "nix-overlays",
        "type": "github"
      }
    },
    "nixpkgs_2": {
      "locked": {
        "lastModified": 1748762463,
        "narHash": "sha256-rb8vudY2u0SgdWh83SAhM5QZT91ZOnvjOLGTO4pdGTc=",
        "owner": "NixOS",
        "repo": "nixpkgs",
        "rev": "0d0bc640d371e9e8c9914c42951b3d6522bc5dda",
        "type": "github"
      },
      "original": {
        "owner": "NixOS",
        "repo": "nixpkgs",
        "rev": "0d0bc640d371e9e8c9914c42951b3d6522bc5dda",
        "type": "github"
      }
    },
    "root": {
      "inputs": {
        "nixpkgs": "nixpkgs"
      }
    }
  },
  "root": "root",
  "version": 7
}
