{
  "nodes": {
    "nixpkgs": {
      "inputs": {
        "nixpkgs": "nixpkgs_2"
      },
      "locked": {
        "lastModified": 1749431740,
        "narHash": "sha256-1FUiMOdH38DBM5QO3+D2UZYtFNz0lxkCDLy6sPAhxec=",
        "owner": "nix-ocaml",
        "repo": "nix-overlays",
        "rev": "f9f251082b8f985ceca5e50eb68117942ac7941c",
        "type": "github"
      },
      "original": {
        "owner": "nix-ocaml",
        "repo": "nix-overlays",
        "type": "github"
      }
    },
    "nixpkgs_2": {
      "locked": {
        "lastModified": 1749397806,
        "narHash": "sha256-PjSGVrOHH+2DABRJzgIt/y+zxofyfZO71pI33y0t4F4=",
        "owner": "NixOS",
        "repo": "nixpkgs",
        "rev": "ae91003958555b8b73c17e6536a302ff492c9d04",
        "type": "github"
      },
      "original": {
        "owner": "NixOS",
        "repo": "nixpkgs",
        "rev": "ae91003958555b8b73c17e6536a302ff492c9d04",
        "type": "github"
      }
    },
    "root": {
      "inputs": {
        "nixpkgs": "nixpkgs"
      }
    }
  },
  "root": "root",
  "version": 7
}
